// !$*UTF8*$!
{
	archiveVersion = 1;
	classes = {
	};
	objectVersion = 51;
	objects = {

/* Begin PBXBuildFile section */
		280F365D23F193650066CA69 /* dog.swift in Sources */ = {isa = PBXBuildFile; fileRef = 280F365C23F193650066CA69 /* dog.swift */; };
		2855EA3923EFCA4800E8070B /* AppDelegate.swift in Sources */ = {isa = PBXBuildFile; fileRef = 2855EA3823EFCA4800E8070B /* AppDelegate.swift */; };
		2855EA3B23EFCA4800E8070B /* ViewController.swift in Sources */ = {isa = PBXBuildFile; fileRef = 2855EA3A23EFCA4800E8070B /* ViewController.swift */; };
		2855EA3E23EFCA4800E8070B /* Main.storyboard in Resources */ = {isa = PBXBuildFile; fileRef = 2855EA3C23EFCA4800E8070B /* Main.storyboard */; };
		2855EA4023EFCA4900E8070B /* Assets.xcassets in Resources */ = {isa = PBXBuildFile; fileRef = 2855EA3F23EFCA4900E8070B /* Assets.xcassets */; };
		2855EA4323EFCA4900E8070B /* LaunchScreen.storyboard in Resources */ = {isa = PBXBuildFile; fileRef = 2855EA4123EFCA4900E8070B /* LaunchScreen.storyboard */; };
		2855EA4E23EFCA4900E8070B /* COBSCCOMP182p_003_WikipediaTests.swift in Sources */ = {isa = PBXBuildFile; fileRef = 2855EA4D23EFCA4900E8070B /* COBSCCOMP182p_003_WikipediaTests.swift */; };
		2855EA5923EFCA4900E8070B /* COBSCCOMP182p_003_WikipediaUITests.swift in Sources */ = {isa = PBXBuildFile; fileRef = 2855EA5823EFCA4900E8070B /* COBSCCOMP182p_003_WikipediaUITests.swift */; };
		28A1707923F1408C0044A7D9 /* TableViewController.swift in Sources */ = {isa = PBXBuildFile; fileRef = 28A1707823F1408C0044A7D9 /* TableViewController.swift */; };
		28A1707B23F146C30044A7D9 /* TableViewCell.swift in Sources */ = {isa = PBXBuildFile; fileRef = 28A1707A23F146C30044A7D9 /* TableViewCell.swift */; };
		28A1707D23F14D2E0044A7D9 /* WikiCell.swift in Sources */ = {isa = PBXBuildFile; fileRef = 28A1707C23F14D2E0044A7D9 /* WikiCell.swift */; };
		28BD081D23EFCB7800797B67 /* NetworkClient.swift in Sources */ = {isa = PBXBuildFile; fileRef = 28BD081C23EFCB7800797B67 /* NetworkClient.swift */; };
		2A82BF1AB581B3D7CF4E5F3A /* Pods_COBSCCOMP182p_003_WikipediaUITests.framework in Frameworks */ = {isa = PBXBuildFile; fileRef = AAA354E63F6693101777EF8A /* Pods_COBSCCOMP182p_003_WikipediaUITests.framework */; };
		BC6976E4452B56F83443F0E8 /* Pods_COBSCCOMP182p_003_Wikipedia.framework in Frameworks */ = {isa = PBXBuildFile; fileRef = C28261863F60077F1F55BC93 /* Pods_COBSCCOMP182p_003_Wikipedia.framework */; };
		BD4D0F2FCE054F6298DDCEEC /* Pods_COBSCCOMP182p_003_WikipediaTests.framework in Frameworks */ = {isa = PBXBuildFile; fileRef = 722CDAD90B109C768486D40D /* Pods_COBSCCOMP182p_003_WikipediaTests.framework */; };
/* End PBXBuildFile section */

/* Begin PBXContainerItemProxy section */
		2855EA4A23EFCA4900E8070B /* PBXContainerItemProxy */ = {
			isa = PBXContainerItemProxy;
			containerPortal = 2855EA2D23EFCA4800E8070B /* Project object */;
			proxyType = 1;
			remoteGlobalIDString = 2855EA3423EFCA4800E8070B;
			remoteInfo = "COBSCCOMP182p-003-Wikipedia";
		};
		2855EA5523EFCA4900E8070B /* PBXContainerItemProxy */ = {
			isa = PBXContainerItemProxy;
			containerPortal = 2855EA2D23EFCA4800E8070B /* Project object */;
			proxyType = 1;
			remoteGlobalIDString = 2855EA3423EFCA4800E8070B;
			remoteInfo = "COBSCCOMP182p-003-Wikipedia";
		};
/* End PBXContainerItemProxy section */

/* Begin PBXFileReference section */
		280F365C23F193650066CA69 /* dog.swift */ = {isa = PBXFileReference; lastKnownFileType = sourcecode.swift; path = dog.swift; sourceTree = "<group>"; };
		2855EA3523EFCA4800E8070B /* COBSCCOMP182p-003-Wikipedia.app */ = {isa = PBXFileReference; explicitFileType = wrapper.application; includeInIndex = 0; path = "COBSCCOMP182p-003-Wikipedia.app"; sourceTree = BUILT_PRODUCTS_DIR; };
		2855EA3823EFCA4800E8070B /* AppDelegate.swift */ = {isa = PBXFileReference; lastKnownFileType = sourcecode.swift; path = AppDelegate.swift; sourceTree = "<group>"; };
		2855EA3A23EFCA4800E8070B /* ViewController.swift */ = {isa = PBXFileReference; lastKnownFileType = sourcecode.swift; path = ViewController.swift; sourceTree = "<group>"; };
		2855EA3D23EFCA4800E8070B /* Base */ = {isa = PBXFileReference; lastKnownFileType = file.storyboard; name = Base; path = Base.lproj/Main.storyboard; sourceTree = "<group>"; };
		2855EA3F23EFCA4900E8070B /* Assets.xcassets */ = {isa = PBXFileReference; lastKnownFileType = folder.assetcatalog; path = Assets.xcassets; sourceTree = "<group>"; };
		2855EA4223EFCA4900E8070B /* Base */ = {isa = PBXFileReference; lastKnownFileType = file.storyboard; name = Base; path = Base.lproj/LaunchScreen.storyboard; sourceTree = "<group>"; };
		2855EA4423EFCA4900E8070B /* Info.plist */ = {isa = PBXFileReference; lastKnownFileType = text.plist.xml; path = Info.plist; sourceTree = "<group>"; };
		2855EA4923EFCA4900E8070B /* COBSCCOMP182p-003-WikipediaTests.xctest */ = {isa = PBXFileReference; explicitFileType = wrapper.cfbundle; includeInIndex = 0; path = "COBSCCOMP182p-003-WikipediaTests.xctest"; sourceTree = BUILT_PRODUCTS_DIR; };
		2855EA4D23EFCA4900E8070B /* COBSCCOMP182p_003_WikipediaTests.swift */ = {isa = PBXFileReference; lastKnownFileType = sourcecode.swift; path = COBSCCOMP182p_003_WikipediaTests.swift; sourceTree = "<group>"; };
		2855EA4F23EFCA4900E8070B /* Info.plist */ = {isa = PBXFileReference; lastKnownFileType = text.plist.xml; path = Info.plist; sourceTree = "<group>"; };
		2855EA5423EFCA4900E8070B /* COBSCCOMP182p-003-WikipediaUITests.xctest */ = {isa = PBXFileReference; explicitFileType = wrapper.cfbundle; includeInIndex = 0; path = "COBSCCOMP182p-003-WikipediaUITests.xctest"; sourceTree = BUILT_PRODUCTS_DIR; };
		2855EA5823EFCA4900E8070B /* COBSCCOMP182p_003_WikipediaUITests.swift */ = {isa = PBXFileReference; lastKnownFileType = sourcecode.swift; path = COBSCCOMP182p_003_WikipediaUITests.swift; sourceTree = "<group>"; };
		2855EA5A23EFCA4900E8070B /* Info.plist */ = {isa = PBXFileReference; lastKnownFileType = text.plist.xml; path = Info.plist; sourceTree = "<group>"; };
		28A1707823F1408C0044A7D9 /* TableViewController.swift */ = {isa = PBXFileReference; lastKnownFileType = sourcecode.swift; path = TableViewController.swift; sourceTree = "<group>"; };
		28A1707A23F146C30044A7D9 /* TableViewCell.swift */ = {isa = PBXFileReference; lastKnownFileType = sourcecode.swift; path = TableViewCell.swift; sourceTree = "<group>"; };
		28A1707C23F14D2E0044A7D9 /* WikiCell.swift */ = {isa = PBXFileReference; lastKnownFileType = sourcecode.swift; path = WikiCell.swift; sourceTree = "<group>"; };
		28BD081C23EFCB7800797B67 /* NetworkClient.swift */ = {isa = PBXFileReference; lastKnownFileType = sourcecode.swift; path = NetworkClient.swift; sourceTree = "<group>"; };
		2A721E6DF4EC59F76A1B8500 /* Pods-COBSCCOMP182p-003-WikipediaUITests.release.xcconfig */ = {isa = PBXFileReference; includeInIndex = 1; lastKnownFileType = text.xcconfig; name = "Pods-COBSCCOMP182p-003-WikipediaUITests.release.xcconfig"; path = "Target Support Files/Pods-COBSCCOMP182p-003-WikipediaUITests/Pods-COBSCCOMP182p-003-WikipediaUITests.release.xcconfig"; sourceTree = "<group>"; };
		2D8D6E61469443E257CB040C /* Pods-COBSCCOMP182p-003-WikipediaTests.release.xcconfig */ = {isa = PBXFileReference; includeInIndex = 1; lastKnownFileType = text.xcconfig; name = "Pods-COBSCCOMP182p-003-WikipediaTests.release.xcconfig"; path = "Target Support Files/Pods-COBSCCOMP182p-003-WikipediaTests/Pods-COBSCCOMP182p-003-WikipediaTests.release.xcconfig"; sourceTree = "<group>"; };
		357795CEEB9ACAB66FC6B3EE /* Pods-COBSCCOMP182p-003-Wikipedia.debug.xcconfig */ = {isa = PBXFileReference; includeInIndex = 1; lastKnownFileType = text.xcconfig; name = "Pods-COBSCCOMP182p-003-Wikipedia.debug.xcconfig"; path = "Target Support Files/Pods-COBSCCOMP182p-003-Wikipedia/Pods-COBSCCOMP182p-003-Wikipedia.debug.xcconfig"; sourceTree = "<group>"; };
		368CCA33DA69DDA970A8D089 /* Pods-COBSCCOMP182p-003-WikipediaUITests.debug.xcconfig */ = {isa = PBXFileReference; includeInIndex = 1; lastKnownFileType = text.xcconfig; name = "Pods-COBSCCOMP182p-003-WikipediaUITests.debug.xcconfig"; path = "Target Support Files/Pods-COBSCCOMP182p-003-WikipediaUITests/Pods-COBSCCOMP182p-003-WikipediaUITests.debug.xcconfig"; sourceTree = "<group>"; };
		38B57A81BD42B7A440530352 /* Pods-COBSCCOMP182p-003-WikipediaTests.debug.xcconfig */ = {isa = PBXFileReference; includeInIndex = 1; lastKnownFileType = text.xcconfig; name = "Pods-COBSCCOMP182p-003-WikipediaTests.debug.xcconfig"; path = "Target Support Files/Pods-COBSCCOMP182p-003-WikipediaTests/Pods-COBSCCOMP182p-003-WikipediaTests.debug.xcconfig"; sourceTree = "<group>"; };
		722CDAD90B109C768486D40D /* Pods_COBSCCOMP182p_003_WikipediaTests.framework */ = {isa = PBXFileReference; explicitFileType = wrapper.framework; includeInIndex = 0; path = Pods_COBSCCOMP182p_003_WikipediaTests.framework; sourceTree = BUILT_PRODUCTS_DIR; };
		7CE3184DA5BA3C0CF8CF19FF /* Pods-COBSCCOMP182p-003-Wikipedia.release.xcconfig */ = {isa = PBXFileReference; includeInIndex = 1; lastKnownFileType = text.xcconfig; name = "Pods-COBSCCOMP182p-003-Wikipedia.release.xcconfig"; path = "Target Support Files/Pods-COBSCCOMP182p-003-Wikipedia/Pods-COBSCCOMP182p-003-Wikipedia.release.xcconfig"; sourceTree = "<group>"; };
		AAA354E63F6693101777EF8A /* Pods_COBSCCOMP182p_003_WikipediaUITests.framework */ = {isa = PBXFileReference; explicitFileType = wrapper.framework; includeInIndex = 0; path = Pods_COBSCCOMP182p_003_WikipediaUITests.framework; sourceTree = BUILT_PRODUCTS_DIR; };
		C28261863F60077F1F55BC93 /* Pods_COBSCCOMP182p_003_Wikipedia.framework */ = {isa = PBXFileReference; explicitFileType = wrapper.framework; includeInIndex = 0; path = Pods_COBSCCOMP182p_003_Wikipedia.framework; sourceTree = BUILT_PRODUCTS_DIR; };
/* End PBXFileReference section */

/* Begin PBXFrameworksBuildPhase section */
		2855EA3223EFCA4800E8070B /* Frameworks */ = {
			isa = PBXFrameworksBuildPhase;
			buildActionMask = 2147483647;
			files = (
				BC6976E4452B56F83443F0E8 /* Pods_COBSCCOMP182p_003_Wikipedia.framework in Frameworks */,
			);
			runOnlyForDeploymentPostprocessing = 0;
		};
		2855EA4623EFCA4900E8070B /* Frameworks */ = {
			isa = PBXFrameworksBuildPhase;
			buildActionMask = 2147483647;
			files = (
				BD4D0F2FCE054F6298DDCEEC /* Pods_COBSCCOMP182p_003_WikipediaTests.framework in Frameworks */,
			);
			runOnlyForDeploymentPostprocessing = 0;
		};
		2855EA5123EFCA4900E8070B /* Frameworks */ = {
			isa = PBXFrameworksBuildPhase;
			buildActionMask = 2147483647;
			files = (
				2A82BF1AB581B3D7CF4E5F3A /* Pods_COBSCCOMP182p_003_WikipediaUITests.framework in Frameworks */,
			);
			runOnlyForDeploymentPostprocessing = 0;
		};
/* End PBXFrameworksBuildPhase section */

/* Begin PBXGroup section */
		2855EA2C23EFCA4800E8070B = {
			isa = PBXGroup;
			children = (
				2855EA3723EFCA4800E8070B /* COBSCCOMP182p-003-Wikipedia */,
				2855EA4C23EFCA4900E8070B /* COBSCCOMP182p-003-WikipediaTests */,
				2855EA5723EFCA4900E8070B /* COBSCCOMP182p-003-WikipediaUITests */,
				2855EA3623EFCA4800E8070B /* Products */,
				E660BDD0CB69A4C32B1AFE76 /* Pods */,
				2AF1DB454F15F19010FA1D76 /* Frameworks */,
			);
			sourceTree = "<group>";
		};
		2855EA3623EFCA4800E8070B /* Products */ = {
			isa = PBXGroup;
			children = (
				2855EA3523EFCA4800E8070B /* COBSCCOMP182p-003-Wikipedia.app */,
				2855EA4923EFCA4900E8070B /* COBSCCOMP182p-003-WikipediaTests.xctest */,
				2855EA5423EFCA4900E8070B /* COBSCCOMP182p-003-WikipediaUITests.xctest */,
			);
			name = Products;
			sourceTree = "<group>";
		};
		2855EA3723EFCA4800E8070B /* COBSCCOMP182p-003-Wikipedia */ = {
			isa = PBXGroup;
			children = (
				2855EA3823EFCA4800E8070B /* AppDelegate.swift */,
				2855EA3A23EFCA4800E8070B /* ViewController.swift */,
				28A1707823F1408C0044A7D9 /* TableViewController.swift */,
				28A1707A23F146C30044A7D9 /* TableViewCell.swift */,
				2855EA3C23EFCA4800E8070B /* Main.storyboard */,
				2855EA3F23EFCA4900E8070B /* Assets.xcassets */,
				2855EA4123EFCA4900E8070B /* LaunchScreen.storyboard */,
				2855EA4423EFCA4900E8070B /* Info.plist */,
				28BD081C23EFCB7800797B67 /* NetworkClient.swift */,
				28A1707C23F14D2E0044A7D9 /* WikiCell.swift */,
				280F365C23F193650066CA69 /* dog.swift */,
			);
			path = "COBSCCOMP182p-003-Wikipedia";
			sourceTree = "<group>";
		};
		2855EA4C23EFCA4900E8070B /* COBSCCOMP182p-003-WikipediaTests */ = {
			isa = PBXGroup;
			children = (
				2855EA4D23EFCA4900E8070B /* COBSCCOMP182p_003_WikipediaTests.swift */,
				2855EA4F23EFCA4900E8070B /* Info.plist */,
			);
			path = "COBSCCOMP182p-003-WikipediaTests";
			sourceTree = "<group>";
		};
		2855EA5723EFCA4900E8070B /* COBSCCOMP182p-003-WikipediaUITests */ = {
			isa = PBXGroup;
			children = (
				2855EA5823EFCA4900E8070B /* COBSCCOMP182p_003_WikipediaUITests.swift */,
				2855EA5A23EFCA4900E8070B /* Info.plist */,
			);
			path = "COBSCCOMP182p-003-WikipediaUITests";
			sourceTree = "<group>";
		};
		2AF1DB454F15F19010FA1D76 /* Frameworks */ = {
			isa = PBXGroup;
			children = (
				C28261863F60077F1F55BC93 /* Pods_COBSCCOMP182p_003_Wikipedia.framework */,
				722CDAD90B109C768486D40D /* Pods_COBSCCOMP182p_003_WikipediaTests.framework */,
				AAA354E63F6693101777EF8A /* Pods_COBSCCOMP182p_003_WikipediaUITests.framework */,
			);
			name = Frameworks;
			sourceTree = "<group>";
		};
		E660BDD0CB69A4C32B1AFE76 /* Pods */ = {
			isa = PBXGroup;
			children = (
				357795CEEB9ACAB66FC6B3EE /* Pods-COBSCCOMP182p-003-Wikipedia.debug.xcconfig */,
				7CE3184DA5BA3C0CF8CF19FF /* Pods-COBSCCOMP182p-003-Wikipedia.release.xcconfig */,
				38B57A81BD42B7A440530352 /* Pods-COBSCCOMP182p-003-WikipediaTests.debug.xcconfig */,
				2D8D6E61469443E257CB040C /* Pods-COBSCCOMP182p-003-WikipediaTests.release.xcconfig */,
				368CCA33DA69DDA970A8D089 /* Pods-COBSCCOMP182p-003-WikipediaUITests.debug.xcconfig */,
				2A721E6DF4EC59F76A1B8500 /* Pods-COBSCCOMP182p-003-WikipediaUITests.release.xcconfig */,
			);
			path = Pods;
			sourceTree = "<group>";
		};
/* End PBXGroup section */

/* Begin PBXNativeTarget section */
		2855EA3423EFCA4800E8070B /* COBSCCOMP182p-003-Wikipedia */ = {
			isa = PBXNativeTarget;
			buildConfigurationList = 2855EA5D23EFCA4900E8070B /* Build configuration list for PBXNativeTarget "COBSCCOMP182p-003-Wikipedia" */;
			buildPhases = (
				49803988368293F88C27A9EB /* [CP] Check Pods Manifest.lock */,
				2855EA3123EFCA4800E8070B /* Sources */,
				2855EA3223EFCA4800E8070B /* Frameworks */,
				2855EA3323EFCA4800E8070B /* Resources */,
				52E388901005BA3FD8FB8272 /* [CP] Embed Pods Frameworks */,
			);
			buildRules = (
			);
			dependencies = (
			);
			name = "COBSCCOMP182p-003-Wikipedia";
			productName = "COBSCCOMP182p-003-Wikipedia";
			productReference = 2855EA3523EFCA4800E8070B /* COBSCCOMP182p-003-Wikipedia.app */;
			productType = "com.apple.product-type.application";
		};
		2855EA4823EFCA4900E8070B /* COBSCCOMP182p-003-WikipediaTests */ = {
			isa = PBXNativeTarget;
			buildConfigurationList = 2855EA6023EFCA4900E8070B /* Build configuration list for PBXNativeTarget "COBSCCOMP182p-003-WikipediaTests" */;
			buildPhases = (
				ECB441BE1ABAD08A382D8398 /* [CP] Check Pods Manifest.lock */,
				2855EA4523EFCA4900E8070B /* Sources */,
				2855EA4623EFCA4900E8070B /* Frameworks */,
				2855EA4723EFCA4900E8070B /* Resources */,
			);
			buildRules = (
			);
			dependencies = (
				2855EA4B23EFCA4900E8070B /* PBXTargetDependency */,
			);
			name = "COBSCCOMP182p-003-WikipediaTests";
			productName = "COBSCCOMP182p-003-WikipediaTests";
			productReference = 2855EA4923EFCA4900E8070B /* COBSCCOMP182p-003-WikipediaTests.xctest */;
			productType = "com.apple.product-type.bundle.unit-test";
		};
		2855EA5323EFCA4900E8070B /* COBSCCOMP182p-003-WikipediaUITests */ = {
			isa = PBXNativeTarget;
			buildConfigurationList = 2855EA6323EFCA4900E8070B /* Build configuration list for PBXNativeTarget "COBSCCOMP182p-003-WikipediaUITests" */;
			buildPhases = (
				177F4ECEFCD377A92E817416 /* [CP] Check Pods Manifest.lock */,
				2855EA5023EFCA4900E8070B /* Sources */,
				2855EA5123EFCA4900E8070B /* Frameworks */,
				2855EA5223EFCA4900E8070B /* Resources */,
			);
			buildRules = (
			);
			dependencies = (
				2855EA5623EFCA4900E8070B /* PBXTargetDependency */,
			);
			name = "COBSCCOMP182p-003-WikipediaUITests";
			productName = "COBSCCOMP182p-003-WikipediaUITests";
			productReference = 2855EA5423EFCA4900E8070B /* COBSCCOMP182p-003-WikipediaUITests.xctest */;
			productType = "com.apple.product-type.bundle.ui-testing";
		};
/* End PBXNativeTarget section */

/* Begin PBXProject section */
		2855EA2D23EFCA4800E8070B /* Project object */ = {
			isa = PBXProject;
			attributes = {
				LastSwiftUpdateCheck = 1030;
				LastUpgradeCheck = 1030;
				ORGANIZATIONNAME = surainfdo;
				TargetAttributes = {
					2855EA3423EFCA4800E8070B = {
						CreatedOnToolsVersion = 10.3;
					};
					2855EA4823EFCA4900E8070B = {
						CreatedOnToolsVersion = 10.3;
						TestTargetID = 2855EA3423EFCA4800E8070B;
					};
					2855EA5323EFCA4900E8070B = {
						CreatedOnToolsVersion = 10.3;
						TestTargetID = 2855EA3423EFCA4800E8070B;
					};
				};
			};
			buildConfigurationList = 2855EA3023EFCA4800E8070B /* Build configuration list for PBXProject "COBSCCOMP182p-003-Wikipedia" */;
			compatibilityVersion = "Xcode 9.3";
			developmentRegion = en;
			hasScannedForEncodings = 0;
			knownRegions = (
				en,
				Base,
			);
			mainGroup = 2855EA2C23EFCA4800E8070B;
			productRefGroup = 2855EA3623EFCA4800E8070B /* Products */;
			projectDirPath = "";
			projectRoot = "";
			targets = (
				2855EA3423EFCA4800E8070B /* COBSCCOMP182p-003-Wikipedia */,
				2855EA4823EFCA4900E8070B /* COBSCCOMP182p-003-WikipediaTests */,
				2855EA5323EFCA4900E8070B /* COBSCCOMP182p-003-WikipediaUITests */,
			);
		};
/* End PBXProject section */

/* Begin PBXResourcesBuildPhase section */
		2855EA3323EFCA4800E8070B /* Resources */ = {
			isa = PBXResourcesBuildPhase;
			buildActionMask = 2147483647;
			files = (
				2855EA4323EFCA4900E8070B /* LaunchScreen.storyboard in Resources */,
				2855EA4023EFCA4900E8070B /* Assets.xcassets in Resources */,
				2855EA3E23EFCA4800E8070B /* Main.storyboard in Resources */,
			);
			runOnlyForDeploymentPostprocessing = 0;
		};
		2855EA4723EFCA4900E8070B /* Resources */ = {
			isa = PBXResourcesBuildPhase;
			buildActionMask = 2147483647;
			files = (
			);
			runOnlyForDeploymentPostprocessing = 0;
		};
		2855EA5223EFCA4900E8070B /* Resources */ = {
			isa = PBXResourcesBuildPhase;
			buildActionMask = 2147483647;
			files = (
			);
			runOnlyForDeploymentPostprocessing = 0;
		};
/* End PBXResourcesBuildPhase section */

/* Begin PBXShellScriptBuildPhase section */
		177F4ECEFCD377A92E817416 /* [CP] Check Pods Manifest.lock */ = {
			isa = PBXShellScriptBuildPhase;
			buildActionMask = 2147483647;
			files = (
			);
			inputFileListPaths = (
			);
			inputPaths = (
				"${PODS_PODFILE_DIR_PATH}/Podfile.lock",
				"${PODS_ROOT}/Manifest.lock",
			);
			name = "[CP] Check Pods Manifest.lock";
			outputFileListPaths = (
			);
			outputPaths = (
				"$(DERIVED_FILE_DIR)/Pods-COBSCCOMP182p-003-WikipediaUITests-checkManifestLockResult.txt",
			);
			runOnlyForDeploymentPostprocessing = 0;
			shellPath = /bin/sh;
			shellScript = "diff \"${PODS_PODFILE_DIR_PATH}/Podfile.lock\" \"${PODS_ROOT}/Manifest.lock\" > /dev/null\nif [ $? != 0 ] ; then\n    # print error to STDERR\n    echo \"error: The sandbox is not in sync with the Podfile.lock. Run 'pod install' or update your CocoaPods installation.\" >&2\n    exit 1\nfi\n# This output is used by Xcode 'outputs' to avoid re-running this script phase.\necho \"SUCCESS\" > \"${SCRIPT_OUTPUT_FILE_0}\"\n";
			showEnvVarsInLog = 0;
		};
		49803988368293F88C27A9EB /* [CP] Check Pods Manifest.lock */ = {
			isa = PBXShellScriptBuildPhase;
			buildActionMask = 2147483647;
			files = (
			);
			inputFileListPaths = (
			);
			inputPaths = (
				"${PODS_PODFILE_DIR_PATH}/Podfile.lock",
				"${PODS_ROOT}/Manifest.lock",
			);
			name = "[CP] Check Pods Manifest.lock";
			outputFileListPaths = (
			);
			outputPaths = (
				"$(DERIVED_FILE_DIR)/Pods-COBSCCOMP182p-003-Wikipedia-checkManifestLockResult.txt",
			);
			runOnlyForDeploymentPostprocessing = 0;
			shellPath = /bin/sh;
			shellScript = "diff \"${PODS_PODFILE_DIR_PATH}/Podfile.lock\" \"${PODS_ROOT}/Manifest.lock\" > /dev/null\nif [ $? != 0 ] ; then\n    # print error to STDERR\n    echo \"error: The sandbox is not in sync with the Podfile.lock. Run 'pod install' or update your CocoaPods installation.\" >&2\n    exit 1\nfi\n# This output is used by Xcode 'outputs' to avoid re-running this script phase.\necho \"SUCCESS\" > \"${SCRIPT_OUTPUT_FILE_0}\"\n";
			showEnvVarsInLog = 0;
		};
		52E388901005BA3FD8FB8272 /* [CP] Embed Pods Frameworks */ = {
			isa = PBXShellScriptBuildPhase;
			buildActionMask = 2147483647;
			files = (
			);
			inputFileListPaths = (
				"${PODS_ROOT}/Target Support Files/Pods-COBSCCOMP182p-003-Wikipedia/Pods-COBSCCOMP182p-003-Wikipedia-frameworks-${CONFIGURATION}-input-files.xcfilelist",
			);
			name = "[CP] Embed Pods Frameworks";
			outputFileListPaths = (
				"${PODS_ROOT}/Target Support Files/Pods-COBSCCOMP182p-003-Wikipedia/Pods-COBSCCOMP182p-003-Wikipedia-frameworks-${CONFIGURATION}-output-files.xcfilelist",
			);
			runOnlyForDeploymentPostprocessing = 0;
			shellPath = /bin/sh;
			shellScript = "\"${PODS_ROOT}/Target Support Files/Pods-COBSCCOMP182p-003-Wikipedia/Pods-COBSCCOMP182p-003-Wikipedia-frameworks.sh\"\n";
			showEnvVarsInLog = 0;
		};
		ECB441BE1ABAD08A382D8398 /* [CP] Check Pods Manifest.lock */ = {
			isa = PBXShellScriptBuildPhase;
			buildActionMask = 2147483647;
			files = (
			);
			inputFileListPaths = (
			);
			inputPaths = (
				"${PODS_PODFILE_DIR_PATH}/Podfile.lock",
				"${PODS_ROOT}/Manifest.lock",
			);
			name = "[CP] Check Pods Manifest.lock";
			outputFileListPaths = (
			);
			outputPaths = (
				"$(DERIVED_FILE_DIR)/Pods-COBSCCOMP182p-003-WikipediaTests-checkManifestLockResult.txt",
			);
			runOnlyForDeploymentPostprocessing = 0;
			shellPath = /bin/sh;
			shellScript = "diff \"${PODS_PODFILE_DIR_PATH}/Podfile.lock\" \"${PODS_ROOT}/Manifest.lock\" > /dev/null\nif [ $? != 0 ] ; then\n    # print error to STDERR\n    echo \"error: The sandbox is not in sync with the Podfile.lock. Run 'pod install' or update your CocoaPods installation.\" >&2\n    exit 1\nfi\n# This output is used by Xcode 'outputs' to avoid re-running this script phase.\necho \"SUCCESS\" > \"${SCRIPT_OUTPUT_FILE_0}\"\n";
			showEnvVarsInLog = 0;
		};
/* End PBXShellScriptBuildPhase section */

/* Begin PBXSourcesBuildPhase section */
		2855EA3123EFCA4800E8070B /* Sources */ = {
			isa = PBXSourcesBuildPhase;
			buildActionMask = 2147483647;
			files = (
				28A1707B23F146C30044A7D9 /* TableViewCell.swift in Sources */,
				2855EA3B23EFCA4800E8070B /* ViewController.swift in Sources */,
				2855EA3923EFCA4800E8070B /* AppDelegate.swift in Sources */,
				28A1707D23F14D2E0044A7D9 /* WikiCell.swift in Sources */,
				28BD081D23EFCB7800797B67 /* NetworkClient.swift in Sources */,
				280F365D23F193650066CA69 /* dog.swift in Sources */,
				28A1707923F1408C0044A7D9 /* TableViewController.swift in Sources */,
			);
			runOnlyForDeploymentPostprocessing = 0;
		};
		2855EA4523EFCA4900E8070B /* Sources */ = {
			isa = PBXSourcesBuildPhase;
			buildActionMask = 2147483647;
			files = (
				2855EA4E23EFCA4900E8070B /* COBSCCOMP182p_003_WikipediaTests.swift in Sources */,
			);
			runOnlyForDeploymentPostprocessing = 0;
		};
		2855EA5023EFCA4900E8070B /* Sources */ = {
			isa = PBXSourcesBuildPhase;
			buildActionMask = 2147483647;
			files = (
				2855EA5923EFCA4900E8070B /* COBSCCOMP182p_003_WikipediaUITests.swift in Sources */,
			);
			runOnlyForDeploymentPostprocessing = 0;
		};
/* End PBXSourcesBuildPhase section */

/* Begin PBXTargetDependency section */
		2855EA4B23EFCA4900E8070B /* PBXTargetDependency */ = {
			isa = PBXTargetDependency;
			target = 2855EA3423EFCA4800E8070B /* COBSCCOMP182p-003-Wikipedia */;
			targetProxy = 2855EA4A23EFCA4900E8070B /* PBXContainerItemProxy */;
		};
		2855EA5623EFCA4900E8070B /* PBXTargetDependency */ = {
			isa = PBXTargetDependency;
			target = 2855EA3423EFCA4800E8070B /* COBSCCOMP182p-003-Wikipedia */;
			targetProxy = 2855EA5523EFCA4900E8070B /* PBXContainerItemProxy */;
		};
/* End PBXTargetDependency section */

/* Begin PBXVariantGroup section */
		2855EA3C23EFCA4800E8070B /* Main.storyboard */ = {
			isa = PBXVariantGroup;
			children = (
				2855EA3D23EFCA4800E8070B /* Base */,
			);
			name = Main.storyboard;
			sourceTree = "<group>";
		};
		2855EA4123EFCA4900E8070B /* LaunchScreen.storyboard */ = {
			isa = PBXVariantGroup;
			children = (
				2855EA4223EFCA4900E8070B /* Base */,
			);
			name = LaunchScreen.storyboard;
			sourceTree = "<group>";
		};
/* End PBXVariantGroup section */

/* Begin XCBuildConfiguration section */
		2855EA5B23EFCA4900E8070B /* Debug */ = {
			isa = XCBuildConfiguration;
			buildSettings = {
				ALWAYS_SEARCH_USER_PATHS = NO;
				CLANG_ANALYZER_NONNULL = YES;
				CLANG_ANALYZER_NUMBER_OBJECT_CONVERSION = YES_AGGRESSIVE;
				CLANG_CXX_LANGUAGE_STANDARD = "gnu++14";
				CLANG_CXX_LIBRARY = "libc++";
				CLANG_ENABLE_MODULES = YES;
				CLANG_ENABLE_OBJC_ARC = YES;
				CLANG_ENABLE_OBJC_WEAK = YES;
				CLANG_WARN_BLOCK_CAPTURE_AUTORELEASING = YES;
				CLANG_WARN_BOOL_CONVERSION = YES;
				CLANG_WARN_COMMA = YES;
				CLANG_WARN_CONSTANT_CONVERSION = YES;
				CLANG_WARN_DEPRECATED_OBJC_IMPLEMENTATIONS = YES;
				CLANG_WARN_DIRECT_OBJC_ISA_USAGE = YES_ERROR;
				CLANG_WARN_DOCUMENTATION_COMMENTS = YES;
				CLANG_WARN_EMPTY_BODY = YES;
				CLANG_WARN_ENUM_CONVERSION = YES;
				CLANG_WARN_INFINITE_RECURSION = YES;
				CLANG_WARN_INT_CONVERSION = YES;
				CLANG_WARN_NON_LITERAL_NULL_CONVERSION = YES;
				CLANG_WARN_OBJC_IMPLICIT_RETAIN_SELF = YES;
				CLANG_WARN_OBJC_LITERAL_CONVERSION = YES;
				CLANG_WARN_OBJC_ROOT_CLASS = YES_ERROR;
				CLANG_WARN_RANGE_LOOP_ANALYSIS = YES;
				CLANG_WARN_STRICT_PROTOTYPES = YES;
				CLANG_WARN_SUSPICIOUS_MOVE = YES;
				CLANG_WARN_UNGUARDED_AVAILABILITY = YES_AGGRESSIVE;
				CLANG_WARN_UNREACHABLE_CODE = YES;
				CLANG_WARN__DUPLICATE_METHOD_MATCH = YES;
				CODE_SIGN_IDENTITY = "iPhone Developer";
				COPY_PHASE_STRIP = NO;
				DEBUG_INFORMATION_FORMAT = dwarf;
				ENABLE_STRICT_OBJC_MSGSEND = YES;
				ENABLE_TESTABILITY = YES;
				GCC_C_LANGUAGE_STANDARD = gnu11;
				GCC_DYNAMIC_NO_PIC = NO;
				GCC_NO_COMMON_BLOCKS = YES;
				GCC_OPTIMIZATION_LEVEL = 0;
				GCC_PREPROCESSOR_DEFINITIONS = (
					"DEBUG=1",
					"$(inherited)",
				);
				GCC_WARN_64_TO_32_BIT_CONVERSION = YES;
				GCC_WARN_ABOUT_RETURN_TYPE = YES_ERROR;
				GCC_WARN_UNDECLARED_SELECTOR = YES;
				GCC_WARN_UNINITIALIZED_AUTOS = YES_AGGRESSIVE;
				GCC_WARN_UNUSED_FUNCTION = YES;
				GCC_WARN_UNUSED_VARIABLE = YES;
				IPHONEOS_DEPLOYMENT_TARGET = 12.4;
				MTL_ENABLE_DEBUG_INFO = INCLUDE_SOURCE;
				MTL_FAST_MATH = YES;
				ONLY_ACTIVE_ARCH = YES;
				SDKROOT = iphoneos;
				SWIFT_ACTIVE_COMPILATION_CONDITIONS = DEBUG;
				SWIFT_OPTIMIZATION_LEVEL = "-Onone";
			};
			name = Debug;
		};
		2855EA5C23EFCA4900E8070B /* Release */ = {
			isa = XCBuildConfiguration;
			buildSettings = {
				ALWAYS_SEARCH_USER_PATHS = NO;
				CLANG_ANALYZER_NONNULL = YES;
				CLANG_ANALYZER_NUMBER_OBJECT_CONVERSION = YES_AGGRESSIVE;
				CLANG_CXX_LANGUAGE_STANDARD = "gnu++14";
				CLANG_CXX_LIBRARY = "libc++";
				CLANG_ENABLE_MODULES = YES;
				CLANG_ENABLE_OBJC_ARC = YES;
				CLANG_ENABLE_OBJC_WEAK = YES;
				CLANG_WARN_BLOCK_CAPTURE_AUTORELEASING = YES;
				CLANG_WARN_BOOL_CONVERSION = YES;
				CLANG_WARN_COMMA = YES;
				CLANG_WARN_CONSTANT_CONVERSION = YES;
				CLANG_WARN_DEPRECATED_OBJC_IMPLEMENTATIONS = YES;
				CLANG_WARN_DIRECT_OBJC_ISA_USAGE = YES_ERROR;
				CLANG_WARN_DOCUMENTATION_COMMENTS = YES;
				CLANG_WARN_EMPTY_BODY = YES;
				CLANG_WARN_ENUM_CONVERSION = YES;
				CLANG_WARN_INFINITE_RECURSION = YES;
				CLANG_WARN_INT_CONVERSION = YES;
				CLANG_WARN_NON_LITERAL_NULL_CONVERSION = YES;
				CLANG_WARN_OBJC_IMPLICIT_RETAIN_SELF = YES;
				CLANG_WARN_OBJC_LITERAL_CONVERSION = YES;
				CLANG_WARN_OBJC_ROOT_CLASS = YES_ERROR;
				CLANG_WARN_RANGE_LOOP_ANALYSIS = YES;
				CLANG_WARN_STRICT_PROTOTYPES = YES;
				CLANG_WARN_SUSPICIOUS_MOVE = YES;
				CLANG_WARN_UNGUARDED_AVAILABILITY = YES_AGGRESSIVE;
				CLANG_WARN_UNREACHABLE_CODE = YES;
				CLANG_WARN__DUPLICATE_METHOD_MATCH = YES;
				CODE_SIGN_IDENTITY = "iPhone Developer";
				COPY_PHASE_STRIP = NO;
				DEBUG_INFORMATION_FORMAT = "dwarf-with-dsym";
				ENABLE_NS_ASSERTIONS = NO;
				ENABLE_STRICT_OBJC_MSGSEND = YES;
				GCC_C_LANGUAGE_STANDARD = gnu11;
				GCC_NO_COMMON_BLOCKS = YES;
				GCC_WARN_64_TO_32_BIT_CONVERSION = YES;
				GCC_WARN_ABOUT_RETURN_TYPE = YES_ERROR;
				GCC_WARN_UNDECLARED_SELECTOR = YES;
				GCC_WARN_UNINITIALIZED_AUTOS = YES_AGGRESSIVE;
				GCC_WARN_UNUSED_FUNCTION = YES;
				GCC_WARN_UNUSED_VARIABLE = YES;
				IPHONEOS_DEPLOYMENT_TARGET = 12.4;
				MTL_ENABLE_DEBUG_INFO = NO;
				MTL_FAST_MATH = YES;
				SDKROOT = iphoneos;
				SWIFT_COMPILATION_MODE = wholemodule;
				SWIFT_OPTIMIZATION_LEVEL = "-O";
				VALIDATE_PRODUCT = YES;
			};
			name = Release;
		};
		2855EA5E23EFCA4900E8070B /* Debug */ = {
			isa = XCBuildConfiguration;
			baseConfigurationReference = 357795CEEB9ACAB66FC6B3EE /* Pods-COBSCCOMP182p-003-Wikipedia.debug.xcconfig */;
			buildSettings = {
				ASSETCATALOG_COMPILER_APPICON_NAME = AppIcon;
				CODE_SIGN_STYLE = Automatic;
				INFOPLIST_FILE = "COBSCCOMP182p-003-Wikipedia/Info.plist";
				LD_RUNPATH_SEARCH_PATHS = (
					"$(inherited)",
					"@executable_path/Frameworks",
				);
				PRODUCT_BUNDLE_IDENTIFIER = "surainfdo.COBSCCOMP182p-003-Wikipedia";
				PRODUCT_NAME = "$(TARGET_NAME)";
				SWIFT_VERSION = 5.0;
				TARGETED_DEVICE_FAMILY = "1,2";
			};
			name = Debug;
		};
		2855EA5F23EFCA4900E8070B /* Release */ = {
			isa = XCBuildConfiguration;
			baseConfigurationReference = 7CE3184DA5BA3C0CF8CF19FF /* Pods-COBSCCOMP182p-003-Wikipedia.release.xcconfig */;
			buildSettings = {
				ASSETCATALOG_COMPILER_APPICON_NAME = AppIcon;
				CODE_SIGN_STYLE = Automatic;
				INFOPLIST_FILE = "COBSCCOMP182p-003-Wikipedia/Info.plist";
				LD_RUNPATH_SEARCH_PATHS = (
					"$(inherited)",
					"@executable_path/Frameworks",
				);
				PRODUCT_BUNDLE_IDENTIFIER = "surainfdo.COBSCCOMP182p-003-Wikipedia";
				PRODUCT_NAME = "$(TARGET_NAME)";
				SWIFT_VERSION = 5.0;
				TARGETED_DEVICE_FAMILY = "1,2";
			};
			name = Release;
		};
		2855EA6123EFCA4900E8070B /* Debug */ = {
			isa = XCBuildConfiguration;
			baseConfigurationReference = 38B57A81BD42B7A440530352 /* Pods-COBSCCOMP182p-003-WikipediaTests.debug.xcconfig */;
			buildSettings = {
				ALWAYS_EMBED_SWIFT_STANDARD_LIBRARIES = YES;
				BUNDLE_LOADER = "$(TEST_HOST)";
				CODE_SIGN_STYLE = Automatic;
				INFOPLIST_FILE = "COBSCCOMP182p-003-WikipediaTests/Info.plist";
				LD_RUNPATH_SEARCH_PATHS = (
					"$(inherited)",
					"@executable_path/Frameworks",
					"@loader_path/Frameworks",
				);
				PRODUCT_BUNDLE_IDENTIFIER = "surainfdo.COBSCCOMP182p-003-WikipediaTests";
				PRODUCT_NAME = "$(TARGET_NAME)";
				SWIFT_VERSION = 5.0;
				TARGETED_DEVICE_FAMILY = "1,2";
				TEST_HOST = "$(BUILT_PRODUCTS_DIR)/COBSCCOMP182p-003-Wikipedia.app/COBSCCOMP182p-003-Wikipedia";
			};
			name = Debug;
		};
		2855EA6223EFCA4900E8070B /* Release */ = {
			isa = XCBuildConfiguration;
			baseConfigurationReference = 2D8D6E61469443E257CB040C /* Pods-COBSCCOMP182p-003-WikipediaTests.release.xcconfig */;
			buildSettings = {
				ALWAYS_EMBED_SWIFT_STANDARD_LIBRARIES = YES;
				BUNDLE_LOADER = "$(TEST_HOST)";
				CODE_SIGN_STYLE = Automatic;
				INFOPLIST_FILE = "COBSCCOMP182p-003-WikipediaTests/Info.plist";
				LD_RUNPATH_SEARCH_PATHS = (
					"$(inherited)",
					"@executable_path/Frameworks",
					"@loader_path/Frameworks",
				);
				PRODUCT_BUNDLE_IDENTIFIER = "surainfdo.COBSCCOMP182p-003-WikipediaTests";
				PRODUCT_NAME = "$(TARGET_NAME)";
				SWIFT_VERSION = 5.0;
				TARGETED_DEVICE_FAMILY = "1,2";
				TEST_HOST = "$(BUILT_PRODUCTS_DIR)/COBSCCOMP182p-003-Wikipedia.app/COBSCCOMP182p-003-Wikipedia";
			};
			name = Release;
		};
		2855EA6423EFCA4900E8070B /* Debug */ = {
			isa = XCBuildConfiguration;
			baseConfigurationReference = 368CCA33DA69DDA970A8D089 /* Pods-COBSCCOMP182p-003-WikipediaUITests.debug.xcconfig */;
			buildSettings = {
				ALWAYS_EMBED_SWIFT_STANDARD_LIBRARIES = YES;
				CODE_SIGN_STYLE = Automatic;
				INFOPLIST_FILE = "COBSCCOMP182p-003-WikipediaUITests/Info.plist";
				LD_RUNPATH_SEARCH_PATHS = (
					"$(inherited)",
					"@executable_path/Frameworks",
					"@loader_path/Frameworks",
				);
				PRODUCT_BUNDLE_IDENTIFIER = "surainfdo.COBSCCOMP182p-003-WikipediaUITests";
				PRODUCT_NAME = "$(TARGET_NAME)";
				SWIFT_VERSION = 5.0;
				TARGETED_DEVICE_FAMILY = "1,2";
				TEST_TARGET_NAME = "COBSCCOMP182p-003-Wikipedia";
			};
			name = Debug;
		};
		2855EA6523EFCA4900E8070B /* Release */ = {
			isa = XCBuildConfiguration;
			baseConfigurationReference = 2A721E6DF4EC59F76A1B8500 /* Pods-COBSCCOMP182p-003-WikipediaUITests.release.xcconfig */;
			buildSettings = {
				ALWAYS_EMBED_SWIFT_STANDARD_LIBRARIES = YES;
				CODE_SIGN_STYLE = Automatic;
				INFOPLIST_FILE = "COBSCCOMP182p-003-WikipediaUITests/Info.plist";
				LD_RUNPATH_SEARCH_PATHS = (
					"$(inherited)",
					"@executable_path/Frameworks",
					"@loader_path/Frameworks",
				);
				PRODUCT_BUNDLE_IDENTIFIER = "surainfdo.COBSCCOMP182p-003-WikipediaUITests";
				PRODUCT_NAME = "$(TARGET_NAME)";
				SWIFT_VERSION = 5.0;
				TARGETED_DEVICE_FAMILY = "1,2";
				TEST_TARGET_NAME = "COBSCCOMP182p-003-Wikipedia";
			};
			name = Release;
		};
/* End XCBuildConfiguration section */

/* Begin XCConfigurationList section */
		2855EA3023EFCA4800E8070B /* Build configuration list for PBXProject "COBSCCOMP182p-003-Wikipedia" */ = {
			isa = XCConfigurationList;
			buildConfigurations = (
				2855EA5B23EFCA4900E8070B /* Debug */,
				2855EA5C23EFCA4900E8070B /* Release */,
			);
			defaultConfigurationIsVisible = 0;
			defaultConfigurationName = Release;
		};
		2855EA5D23EFCA4900E8070B /* Build configuration list for PBXNativeTarget "COBSCCOMP182p-003-Wikipedia" */ = {
			isa = XCConfigurationList;
			buildConfigurations = (
				2855EA5E23EFCA4900E8070B /* Debug */,
				2855EA5F23EFCA4900E8070B /* Release */,
			);
			defaultConfigurationIsVisible = 0;
			defaultConfigurationName = Release;
		};
		2855EA6023EFCA4900E8070B /* Build configuration list for PBXNativeTarget "COBSCCOMP182p-003-WikipediaTests" */ = {
			isa = XCConfigurationList;
			buildConfigurations = (
				2855EA6123EFCA4900E8070B /* Debug */,
				2855EA6223EFCA4900E8070B /* Release */,
			);
			defaultConfigurationIsVisible = 0;
			defaultConfigurationName = Release;
		};
		2855EA6323EFCA4900E8070B /* Build configuration list for PBXNativeTarget "COBSCCOMP182p-003-WikipediaUITests" */ = {
			isa = XCConfigurationList;
			buildConfigurations = (
				2855EA6423EFCA4900E8070B /* Debug */,
				2855EA6523EFCA4900E8070B /* Release */,
			);
			defaultConfigurationIsVisible = 0;
			defaultConfigurationName = Release;
		};
/* End XCConfigurationList section */
	};
	rootObject = 2855EA2D23EFCA4800E8070B /* Project object */;
}
